# THIS IS AN AUTOGENERATED FILE. DO NOT EDIT THIS FILE DIRECTLY.
# yarn lockfile v1


"@mdn/browser-compat-data@^5.3.13":
  "integrity" "sha512-58+1nu0GOUsNtuPbSRKI6/oDti++pJ/cSIy0+OgjtGD8dfvAYfVu3+OqsPkHLpRbcBPvf8nJt7NQDK6n9KD5Zw=="
  "resolved" "https://registry.npmjs.org/@mdn/browser-compat-data/-/browser-compat-data-5.3.13.tgz"
  "version" "5.3.13"

"@types/cheerio@^0.22.31":
  "integrity" "sha512-Kt7Cdjjdi2XWSfrZ53v4Of0wG3ZcmaegFXjMmz9tfNrZSkzzo36G0AL1YqSdcIA78Etjt6E609pt5h1xnQkPUw=="
  "resolved" "https://registry.npmjs.org/@types/cheerio/-/cheerio-0.22.31.tgz"
  "version" "0.22.31"
  dependencies:
    "@types/node" "*"

"@types/got@^9.6.12":
  "integrity" "sha512-X4pj/HGHbXVLqTpKjA2ahI4rV/nNBc9mGO2I/0CgAra+F2dKgMXnENv2SRpemScBzBAI4vMelIVYViQxlSE6xA=="
  "resolved" "https://registry.npmjs.org/@types/got/-/got-9.6.12.tgz"
  "version" "9.6.12"
  dependencies:
    "@types/node" "*"
    "@types/tough-cookie" "*"
    "form-data" "^2.5.0"

"@types/node@*", "@types/node@^18.11.18":
  "integrity" "sha512-LFmUbFunqmBn26wJZgZPYZPrDR1RwGOu2v79Mgcka1ndO6V0/cwjivPTc4yoK6n9kmw4/ls1r8cLrvh2iMibFA=="
  "resolved" "https://registry.npmjs.org/@types/node/-/node-18.15.7.tgz"
  "version" "18.15.7"

"@types/tough-cookie@*":
  "integrity" "sha512-Y0K95ThC3esLEYD6ZuqNek29lNX2EM1qxV8y2FTLUB0ff5wWrk7az+mLrnNFUnaXcgKye22+sFBRXOgpPILZNg=="
  "resolved" "https://registry.npmjs.org/@types/tough-cookie/-/tough-cookie-4.0.1.tgz"
  "version" "4.0.1"

"@types/turndown@^5.0.1":
  "integrity" "sha512-N8Ad4e3oJxh9n9BiZx9cbe/0M3kqDpOTm2wzj13wdDUxDPjfjloWIJaquZzWE1cYTAHpjOH3rcTnXQdpEfS/SQ=="
  "resolved" "https://registry.npmjs.org/@types/turndown/-/turndown-5.0.1.tgz"
  "version" "5.0.1"

"@types/vscode@^1.81.0":
  "integrity" "sha512-YIaCwpT+O2E7WOMq0eCgBEABE++SX3Yl/O02GoMIF2DO3qAtvw7m6BXFYsxnc6XyzwZgh6/s/UG78LSSombl2w=="
  "resolved" "https://registry.npmjs.org/@types/vscode/-/vscode-1.81.0.tgz"
  "version" "1.81.0"

"asynckit@^0.4.0":
  "integrity" "sha1-x57Zf380y48robyXkLzDZkdLS3k="
  "resolved" "https://registry.npmjs.org/asynckit/-/asynckit-0.4.0.tgz"
  "version" "0.4.0"

"boolbase@^1.0.0":
  "integrity" "sha512-JZOSA7Mo9sNGB8+UjSgzdLtokWAky1zbztM3WRLCbZ70/3cTANmQmOdR7y2g+J0e2WXywy1yS468tY+IruqEww=="
  "resolved" "https://registry.npmjs.org/boolbase/-/boolbase-1.0.0.tgz"
  "version" "1.0.0"

"cheerio-select@^2.1.0":
  "integrity" "sha512-9v9kG0LvzrlcungtnJtpGNxY+fzECQKhK4EGJX2vByejiMX84MFNQw4UxPJl3bFbTMw+Dfs37XaIkCwTZfLh4g=="
  "resolved" "https://registry.npmjs.org/cheerio-select/-/cheerio-select-2.1.0.tgz"
  "version" "2.1.0"
  dependencies:
    "boolbase" "^1.0.0"
    "css-select" "^5.1.0"
    "css-what" "^6.1.0"
    "domelementtype" "^2.3.0"
    "domhandler" "^5.0.3"
    "domutils" "^3.0.1"

"cheerio@1.0.0-rc.12":
  "integrity" "sha512-VqR8m68vM46BNnuZ5NtnGBKIE/DfN0cRIzg9n40EIq9NOv90ayxLBXA8fXC5gquFRGJSTRqBq25Jt2ECLR431Q=="
  "resolved" "https://registry.npmjs.org/cheerio/-/cheerio-1.0.0-rc.12.tgz"
  "version" "1.0.0-rc.12"
  dependencies:
    "cheerio-select" "^2.1.0"
    "dom-serializer" "^2.0.0"
    "domhandler" "^5.0.3"
    "domutils" "^3.0.1"
    "htmlparser2" "^8.0.1"
    "parse5" "^7.0.0"
    "parse5-htmlparser2-tree-adapter" "^7.0.0"

"combined-stream@^1.0.6":
  "integrity" "sha512-FQN4MRfuJeHf7cBbBMJFXhKSDq+2kAArBlmRBvcvFE5BB1HZKXtSFASDhdlz9zOYwxh8lDdnvmMOe/+5cdoEdg=="
  "resolved" "https://registry.npmjs.org/combined-stream/-/combined-stream-1.0.8.tgz"
  "version" "1.0.8"
  dependencies:
    "delayed-stream" "~1.0.0"

"css-select@^5.1.0":
  "integrity" "sha512-nwoRF1rvRRnnCqqY7updORDsuqKzqYJ28+oSMaJMMgOauh3fvwHqMS7EZpIPqK8GL+g9mKxF1vP/ZjSeNjEVHg=="
  "resolved" "https://registry.npmjs.org/css-select/-/css-select-5.1.0.tgz"
  "version" "5.1.0"
  dependencies:
    "boolbase" "^1.0.0"
    "css-what" "^6.1.0"
    "domhandler" "^5.0.2"
    "domutils" "^3.0.1"
    "nth-check" "^2.0.1"

"css-what@^6.1.0":
  "integrity" "sha512-HTUrgRJ7r4dsZKU6GjmpfRK1O76h97Z8MfS1G0FozR+oF2kG6Vfe8JE6zwrkbxigziPHinCJ+gCPjA9EaBDtRw=="
  "resolved" "https://registry.npmjs.org/css-what/-/css-what-6.1.0.tgz"
  "version" "6.1.0"

"delayed-stream@~1.0.0":
  "integrity" "sha1-3zrhmayt+31ECqrgsp4icrJOxhk="
  "resolved" "https://registry.npmjs.org/delayed-stream/-/delayed-stream-1.0.0.tgz"
  "version" "1.0.0"

"dom-serializer@^2.0.0":
  "integrity" "sha512-wIkAryiqt/nV5EQKqQpo3SToSOV9J0DnbJqwK7Wv/Trc92zIAYZ4FlMu+JPFW1DfGFt81ZTCGgDEabffXeLyJg=="
  "resolved" "https://registry.npmjs.org/dom-serializer/-/dom-serializer-2.0.0.tgz"
  "version" "2.0.0"
  dependencies:
    "domelementtype" "^2.3.0"
    "domhandler" "^5.0.2"
    "entities" "^4.2.0"

"domelementtype@^2.3.0":
  "integrity" "sha512-OLETBj6w0OsagBwdXnPdN0cnMfF9opN69co+7ZrbfPGrdpPVNBUj02spi6B1N7wChLQiPn4CSH/zJvXw56gmHw=="
  "resolved" "https://registry.npmjs.org/domelementtype/-/domelementtype-2.3.0.tgz"
  "version" "2.3.0"

"domhandler@^5.0.1", "domhandler@^5.0.2", "domhandler@^5.0.3":
  "integrity" "sha512-cgwlv/1iFQiFnU96XXgROh8xTeetsnJiDsTc7TYCLFd9+/WNkIqPTxiM/8pSd8VIrhXGTf1Ny1q1hquVqDJB5w=="
  "resolved" "https://registry.npmjs.org/domhandler/-/domhandler-5.0.3.tgz"
  "version" "5.0.3"
  dependencies:
    "domelementtype" "^2.3.0"

"domino@^2.1.6":
  "integrity" "sha512-3VdM/SXBZX2omc9JF9nOPCtDaYQ67BGp5CoLpIQlO2KCAPETs8TcDHacF26jXadGbvUteZzRTeos2fhID5+ucQ=="
  "resolved" "https://registry.npmjs.org/domino/-/domino-2.1.6.tgz"
  "version" "2.1.6"

"domutils@^3.0.1":
  "integrity" "sha512-z08c1l761iKhDFtfXO04C7kTdPBLi41zwOZl00WS8b5eiaebNpY00HKbztwBq+e3vyqWNwWF3mP9YLUeqIrF+Q=="
  "resolved" "https://registry.npmjs.org/domutils/-/domutils-3.0.1.tgz"
  "version" "3.0.1"
  dependencies:
    "dom-serializer" "^2.0.0"
    "domelementtype" "^2.3.0"
    "domhandler" "^5.0.1"

"entities@^4.2.0", "entities@^4.4.0":
  "integrity" "sha512-oYp7156SP8LkeGD0GF85ad1X9Ai79WtRsZ2gxJqtBuzH+98YUV6jkHEKlZkMbcrjJjIVJNIDP/3WL9wQkoPbWA=="
  "resolved" "https://registry.npmjs.org/entities/-/entities-4.4.0.tgz"
  "version" "4.4.0"

"form-data@^2.5.0":
  "integrity" "sha512-m21N3WOmEEURgk6B9GLOE4RuWOFf28Lhh9qGYeNlGq4VDXUlJy2th2slBNU8Gp8EzloYZOibZJ7t5ecIrFSjVA=="
  "resolved" "https://registry.npmjs.org/form-data/-/form-data-2.5.1.tgz"
  "version" "2.5.1"
  dependencies:
    "asynckit" "^0.4.0"
    "combined-stream" "^1.0.6"
    "mime-types" "^2.1.12"

"htmlparser2@^8.0.1":
  "integrity" "sha512-GYdjWKDkbRLkZ5geuHs5NY1puJ+PXwP7+fHPRz06Eirsb9ugf6d8kkXav6ADhcODhFFPMIXyxkxSuMf3D6NCFA=="
  "resolved" "https://registry.npmjs.org/htmlparser2/-/htmlparser2-8.0.2.tgz"
  "version" "8.0.2"
  dependencies:
    "domelementtype" "^2.3.0"
    "domhandler" "^5.0.3"
    "domutils" "^3.0.1"
    "entities" "^4.4.0"

"mdn-data@^2.0.33":
  "integrity" "sha512-7n9sfbaiI7Eqow7h/ObqtPie0/8x0NR8Mm7wuy9UBGRnpUKaVUpJUgK826lBWWRAcVQ1vEjtP1bXDE+nCXbMzw=="
  "resolved" "https://registry.npmjs.org/mdn-data/-/mdn-data-2.0.33.tgz"
  "version" "2.0.33"

"mime-db@1.50.0":
  "integrity" "sha512-9tMZCDlYHqeERXEHO9f/hKfNXhre5dK2eE/krIvUjZbS2KPcqGDfNShIWS1uW9XOTKQKqK6qbeOci18rbfW77A=="
  "resolved" "https://registry.npmjs.org/mime-db/-/mime-db-1.50.0.tgz"
  "version" "1.50.0"

"mime-types@^2.1.12":
  "integrity" "sha512-plLElXp7pRDd0bNZHw+nMd52vRYjLwQjygaNg7ddJ2uJtTlmnTCjWuPKxVu6//AdaRuME84SvLW91sIkBqGT0g=="
  "resolved" "https://registry.npmjs.org/mime-types/-/mime-types-2.1.33.tgz"
  "version" "2.1.33"
  dependencies:
    "mime-db" "1.50.0"

"nth-check@^2.0.1":
  "integrity" "sha512-lqjrjmaOoAnWfMmBPL+XNnynZh2+swxiX3WUE0s4yEHI6m+AwrK2UZOimIRl3X/4QctVqS8AiZjFqyOGrMXb/w=="
  "resolved" "https://registry.npmjs.org/nth-check/-/nth-check-2.1.1.tgz"
  "version" "2.1.1"
  dependencies:
    "boolbase" "^1.0.0"

"parse5-htmlparser2-tree-adapter@^7.0.0":
  "integrity" "sha512-B77tOZrqqfUfnVcOrUvfdLbz4pu4RopLD/4vmu3HUPswwTA8OH0EMW9BlWR2B0RCoiZRAHEUu7IxeP1Pd1UU+g=="
  "resolved" "https://registry.npmjs.org/parse5-htmlparser2-tree-adapter/-/parse5-htmlparser2-tree-adapter-7.0.0.tgz"
  "version" "7.0.0"
  dependencies:
    "domhandler" "^5.0.2"
    "parse5" "^7.0.0"

"parse5@^7.0.0":
  "integrity" "sha512-Czj1WaSVpaoj0wbhMzLmWD69anp2WH7FXMB9n1Sy8/ZFF9jolSQVMu1Ij5WIyGmcBmhk7EOndpO4mIpihVqAXw=="
  "resolved" "https://registry.npmjs.org/parse5/-/parse5-7.1.2.tgz"
  "version" "7.1.2"
  dependencies:
    "entities" "^4.4.0"

"turndown@^7.1.2":
  "integrity" "sha512-ntI9R7fcUKjqBP6QU8rBK2Ehyt8LAzt3UBT9JR9tgo6GtuKvyUzpayWmeMKJw1DPdXzktvtIT8m2mVXz+bL/Qg=="
  "resolved" "https://registry.npmjs.org/turndown/-/turndown-7.1.2.tgz"
  "version" "7.1.2"
  dependencies:
    "domino" "^2.1.6"

"typescript@^5.2.2":
  "integrity" "sha512-mI4WrpHsbCIcwT9cF4FZvr80QUeKvsUsUvKDoR+X/7XHQH98xYD8YHZg7ANtz2GtZt/CBq2QJ0thkGJMHfqc1w=="
  "resolved" "https://registry.npmjs.org/typescript/-/typescript-5.2.2.tgz"
  "version" "5.2.2"
