# THIS IS AN AUTOGENERATED FILE. DO NOT EDIT THIS FILE DIRECTLY.
# yarn lockfile v1


"@mdn/browser-compat-data@^5.3.13":
  version "5.3.13"
  resolved "https://registry.npmjs.org/@mdn/browser-compat-data/-/browser-compat-data-5.3.13.tgz"

"@types/cheerio@^0.22.31":
  version "0.22.31"
  resolved "https://registry.npmjs.org/@types/cheerio/-/cheerio-0.22.31.tgz"
  dependencies:
    "@types/node" "*"

"@types/got@^9.6.12":
  version "9.6.12"
  resolved "https://registry.npmjs.org/@types/got/-/got-9.6.12.tgz"
  dependencies:
    "@types/node" "*"
    "@types/tough-cookie" "*"
    form-data "^2.5.0"

"@types/node@*", "@types/node@^18.11.18":
  version "18.15.7"
  resolved "https://registry.npmjs.org/@types/node/-/node-18.15.7.tgz"

"@types/tough-cookie@*":
  version "4.0.1"
  resolved "https://registry.npmjs.org/@types/tough-cookie/-/tough-cookie-4.0.1.tgz"

"@types/turndown@^5.0.1":
  version "5.0.1"
  resolved "https://registry.npmjs.org/@types/turndown/-/turndown-5.0.1.tgz"

"@types/vscode@^1.81.0":
  version "1.81.0"
  resolved "https://registry.npmjs.org/@types/vscode/-/vscode-1.81.0.tgz"

asynckit@^0.4.0:
  version "0.4.0"
  resolved "https://registry.npmjs.org/asynckit/-/asynckit-0.4.0.tgz"

boolbase@^1.0.0:
  version "1.0.0"
  resolved "https://registry.npmjs.org/boolbase/-/boolbase-1.0.0.tgz"

call-bind-apply-helpers@^1.0.1, call-bind-apply-helpers@^1.0.2:
  version "1.0.2"
  resolved "https://registry.yarnpkg.com/call-bind-apply-helpers/-/call-bind-apply-helpers-1.0.2.tgz#4b5428c222be985d79c3d82657479dbe0b59b2d6"
  dependencies:
    es-errors "^1.3.0"
    function-bind "^1.1.2"

cheerio-select@^2.1.0:
  version "2.1.0"
  resolved "https://registry.npmjs.org/cheerio-select/-/cheerio-select-2.1.0.tgz"
  dependencies:
    boolbase "^1.0.0"
    css-select "^5.1.0"
    css-what "^6.1.0"
    domelementtype "^2.3.0"
    domhandler "^5.0.3"
    domutils "^3.0.1"

cheerio@1.0.0-rc.12:
  version "1.0.0-rc.12"
  resolved "https://registry.npmjs.org/cheerio/-/cheerio-1.0.0-rc.12.tgz"
  dependencies:
    cheerio-select "^2.1.0"
    dom-serializer "^2.0.0"
    domhandler "^5.0.3"
    domutils "^3.0.1"
    htmlparser2 "^8.0.1"
    parse5 "^7.0.0"
    parse5-htmlparser2-tree-adapter "^7.0.0"

combined-stream@^1.0.8:
  version "1.0.8"
  resolved "https://registry.yarnpkg.com/combined-stream/-/combined-stream-1.0.8.tgz#c3d45a8b34fd730631a110a8a2520682b31d5a7f"
  dependencies:
    delayed-stream "~1.0.0"

css-select@^5.1.0:
  version "5.1.0"
  resolved "https://registry.npmjs.org/css-select/-/css-select-5.1.0.tgz"
  dependencies:
    boolbase "^1.0.0"
    css-what "^6.1.0"
    domhandler "^5.0.2"
    domutils "^3.0.1"
    nth-check "^2.0.1"

css-what@^6.1.0:
  version "6.1.0"
  resolved "https://registry.npmjs.org/css-what/-/css-what-6.1.0.tgz"

delayed-stream@~1.0.0:
  version "1.0.0"
  resolved "https://registry.npmjs.org/delayed-stream/-/delayed-stream-1.0.0.tgz"

dom-serializer@^2.0.0:
  version "2.0.0"
  resolved "https://registry.npmjs.org/dom-serializer/-/dom-serializer-2.0.0.tgz"
  dependencies:
    domelementtype "^2.3.0"
    domhandler "^5.0.2"
    entities "^4.2.0"

domelementtype@^2.3.0:
  version "2.3.0"
  resolved "https://registry.npmjs.org/domelementtype/-/domelementtype-2.3.0.tgz"

domhandler@^5.0.1, domhandler@^5.0.2, domhandler@^5.0.3:
  version "5.0.3"
  resolved "https://registry.npmjs.org/domhandler/-/domhandler-5.0.3.tgz"
  dependencies:
    domelementtype "^2.3.0"

domino@^2.1.6:
  version "2.1.6"
  resolved "https://registry.npmjs.org/domino/-/domino-2.1.6.tgz"

domutils@^3.0.1:
  version "3.0.1"
  resolved "https://registry.npmjs.org/domutils/-/domutils-3.0.1.tgz"
  dependencies:
    dom-serializer "^2.0.0"
    domelementtype "^2.3.0"
    domhandler "^5.0.1"

dunder-proto@^1.0.1:
  version "1.0.1"
  resolved "https://registry.yarnpkg.com/dunder-proto/-/dunder-proto-1.0.1.tgz#d7ae667e1dc83482f8b70fd0f6eefc50da30f58a"
  dependencies:
    call-bind-apply-helpers "^1.0.1"
    es-errors "^1.3.0"
    gopd "^1.2.0"

entities@^4.2.0, entities@^4.4.0:
  version "4.4.0"
  resolved "https://registry.npmjs.org/entities/-/entities-4.4.0.tgz"

es-define-property@^1.0.1:
  version "1.0.1"
  resolved "https://registry.yarnpkg.com/es-define-property/-/es-define-property-1.0.1.tgz#983eb2f9a6724e9303f61addf011c72e09e0b0fa"

es-errors@^1.3.0:
  version "1.3.0"
  resolved "https://registry.yarnpkg.com/es-errors/-/es-errors-1.3.0.tgz#05f75a25dab98e4fb1dcd5e1472c0546d5057c8f"

es-object-atoms@^1.0.0, es-object-atoms@^1.1.1:
  version "1.1.1"
  resolved "https://registry.yarnpkg.com/es-object-atoms/-/es-object-atoms-1.1.1.tgz#1c4f2c4837327597ce69d2ca190a7fdd172338c1"
  dependencies:
    es-errors "^1.3.0"

es-set-tostringtag@^2.1.0:
  version "2.1.0"
  resolved "https://registry.yarnpkg.com/es-set-tostringtag/-/es-set-tostringtag-2.1.0.tgz#f31dbbe0c183b00a6d26eb6325c810c0fd18bd4d"
  dependencies:
    es-errors "^1.3.0"
    get-intrinsic "^1.2.6"
    has-tostringtag "^1.0.2"
    hasown "^2.0.2"

form-data@^2.5.0:
  version "2.5.5"
  resolved "https://registry.yarnpkg.com/form-data/-/form-data-2.5.5.tgz#a5f6364ad7e4e67e95b4a07e2d8c6f711c74f624"
  dependencies:
    asynckit "^0.4.0"
    combined-stream "^1.0.8"
    es-set-tostringtag "^2.1.0"
    hasown "^2.0.2"
    mime-types "^2.1.35"
    safe-buffer "^5.2.1"

function-bind@^1.1.2:
  version "1.1.2"
  resolved "https://registry.yarnpkg.com/function-bind/-/function-bind-1.1.2.tgz#2c02d864d97f3ea6c8830c464cbd11ab6eab7a1c"

get-intrinsic@^1.2.6:
  version "1.3.0"
  resolved "https://registry.yarnpkg.com/get-intrinsic/-/get-intrinsic-1.3.0.tgz#743f0e3b6964a93a5491ed1bffaae054d7f98d01"
  dependencies:
    call-bind-apply-helpers "^1.0.2"
    es-define-property "^1.0.1"
    es-errors "^1.3.0"
    es-object-atoms "^1.1.1"
    function-bind "^1.1.2"
    get-proto "^1.0.1"
    gopd "^1.2.0"
    has-symbols "^1.1.0"
    hasown "^2.0.2"
    math-intrinsics "^1.1.0"

get-proto@^1.0.1:
  version "1.0.1"
  resolved "https://registry.yarnpkg.com/get-proto/-/get-proto-1.0.1.tgz#150b3f2743869ef3e851ec0c49d15b1d14d00ee1"
  dependencies:
    dunder-proto "^1.0.1"
    es-object-atoms "^1.0.0"

gopd@^1.2.0:
  version "1.2.0"
  resolved "https://registry.yarnpkg.com/gopd/-/gopd-1.2.0.tgz#89f56b8217bdbc8802bd299df6d7f1081d7e51a1"

has-symbols@^1.0.3, has-symbols@^1.1.0:
  version "1.1.0"
  resolved "https://registry.yarnpkg.com/has-symbols/-/has-symbols-1.1.0.tgz#fc9c6a783a084951d0b971fe1018de813707a338"

has-tostringtag@^1.0.2:
  version "1.0.2"
  resolved "https://registry.yarnpkg.com/has-tostringtag/-/has-tostringtag-1.0.2.tgz#2cdc42d40bef2e5b4eeab7c01a73c54ce7ab5abc"
  dependencies:
    has-symbols "^1.0.3"

hasown@^2.0.2:
  version "2.0.2"
  resolved "https://registry.yarnpkg.com/hasown/-/hasown-2.0.2.tgz#003eaf91be7adc372e84ec59dc37252cedb80003"
  dependencies:
    function-bind "^1.1.2"

htmlparser2@^8.0.1:
  version "8.0.2"
  resolved "https://registry.npmjs.org/htmlparser2/-/htmlparser2-8.0.2.tgz"
  dependencies:
    domelementtype "^2.3.0"
    domhandler "^5.0.3"
    domutils "^3.0.1"
    entities "^4.4.0"

math-intrinsics@^1.1.0:
  version "1.1.0"
  resolved "https://registry.yarnpkg.com/math-intrinsics/-/math-intrinsics-1.1.0.tgz#a0dd74be81e2aa5c2f27e65ce283605ee4e2b7f9"

mdn-data@^2.0.33:
  version "2.0.33"
  resolved "https://registry.npmjs.org/mdn-data/-/mdn-data-2.0.33.tgz"

mime-db@1.52.0:
  version "1.52.0"
  resolved "https://registry.yarnpkg.com/mime-db/-/mime-db-1.52.0.tgz#bbabcdc02859f4987301c856e3387ce5ec43bf70"

mime-types@^2.1.35:
  version "2.1.35"
  resolved "https://registry.yarnpkg.com/mime-types/-/mime-types-2.1.35.tgz#381a871b62a734450660ae3deee44813f70d959a"
  dependencies:
    mime-db "1.52.0"

nth-check@^2.0.1:
  version "2.1.1"
  resolved "https://registry.npmjs.org/nth-check/-/nth-check-2.1.1.tgz"
  dependencies:
    boolbase "^1.0.0"

parse5-htmlparser2-tree-adapter@^7.0.0:
  version "7.0.0"
  resolved "https://registry.npmjs.org/parse5-htmlparser2-tree-adapter/-/parse5-htmlparser2-tree-adapter-7.0.0.tgz"
  dependencies:
    domhandler "^5.0.2"
    parse5 "^7.0.0"

parse5@^7.0.0:
  version "7.1.2"
  resolved "https://registry.npmjs.org/parse5/-/parse5-7.1.2.tgz"
  dependencies:
    entities "^4.4.0"

safe-buffer@^5.2.1:
  version "5.2.1"
  resolved "https://registry.yarnpkg.com/safe-buffer/-/safe-buffer-5.2.1.tgz#1eaf9fa9bdb1fdd4ec75f58f9cdb4e6b7827eec6"

turndown@^7.1.2:
  version "7.1.2"
  resolved "https://registry.npmjs.org/turndown/-/turndown-7.1.2.tgz"
  dependencies:
    domino "^2.1.6"

typescript@^5.2.2:
  version "5.2.2"
  resolved "https://registry.npmjs.org/typescript/-/typescript-5.2.2.tgz"
