{
  "name": "@vscode/web-custom-data",
  "version": "0.4.13",
  "lockfileVersion": 3,
  "requires": true,
  "packages": {
    "": {
      "name": "@vscode/web-custom-data",
      "version": "0.4.13",
      "license": "MIT",
      "devDependencies": {
        "@mdn/browser-compat-data": "^5.6.13",
        "mdn-data": "^2.12.2"
      }
    },
    "node_modules/@mdn/browser-compat-data": {
      "version": "5.6.13",
      "resolved": "https://registry.npmjs.org/@mdn/browser-compat-data/-/browser-compat-data-5.6.13.tgz",
      "integrity": "sha512-eZOraBiugKZewtS10c7M78OKwL6CBhVzqSQvb5j+WGw/7MdPRfHrP7LuiEoLCeHXfmE414geJjnHPGQ0iAnCyg==",
      "dev": true,
      "license": "CC0-1.0"
    },
    "node_modules/mdn-data": {
      "version": "2.12.2",
      "resolved": "https://registry.npmjs.org/mdn-data/-/mdn-data-2.12.2.tgz",
      "integrity": "sha512-IEn+pegP1aManZuckezWCO+XZQDplx1366JoVhTpMpBB1sPey/SbveZQUosKiKiGYjg1wH4pMlNgXbCiYgihQA==",
      "dev": true,
      "license": "CC0-1.0"
    }
  }
}
