{
  "name": "@vscode/web-custom-data",
  "version": "0.5.2",
  "lockfileVersion": 3,
  "requires": true,
  "packages": {
    "": {
      "name": "@vscode/web-custom-data",
      "version": "0.5.2",
      "license": "MIT",
      "devDependencies": {
        "@mdn/browser-compat-data": "^6.0.8",
        "compute-baseline": "^0.3.1",
        "mdn-data": "^2.21.0"
      }
    },
    "node_modules/@js-temporal/polyfill": {
      "version": "0.4.4",
      "resolved": "https://registry.npmjs.org/@js-temporal/polyfill/-/polyfill-0.4.4.tgz",
      "integrity": "sha512-2X6bvghJ/JAoZO52lbgyAPFj8uCflhTo2g7nkFzEQdXd/D8rEeD4HtmTEpmtGCva260fcd66YNXBOYdnmHqSOg==",
      "dev": true,
      "license": "ISC",
      "dependencies": {
        "jsbi": "^4.3.0",
        "tslib": "^2.4.1"
      },
      "engines": {
        "node": ">=12"
      }
    },
    "node_modules/@mdn/browser-compat-data": {
      "version": "6.0.8",
      "resolved": "https://registry.npmjs.org/@mdn/browser-compat-data/-/browser-compat-data-6.0.8.tgz",
      "integrity": "sha512-l21VIVT7ozAQJFT16HHmCndeNMhMuYMlhRA8+W59cCsorW6oXZDm3v+lQKxIZwTLHnKfAt0i6f2ih6h9GS0OaQ==",
      "dev": true,
      "license": "CC0-1.0"
    },
    "node_modules/compare-versions": {
      "version": "6.1.1",
      "resolved": "https://registry.npmjs.org/compare-versions/-/compare-versions-6.1.1.tgz",
      "integrity": "sha512-4hm4VPpIecmlg59CHXnRDnqGplJFrbLG4aFEl5vl6cK1u76ws3LLvX7ikFnTDl5vo39sjWD6AaDPYodJp/NNHg==",
      "dev": true,
      "license": "MIT"
    },
    "node_modules/compute-baseline": {
      "version": "0.3.1",
      "resolved": "https://registry.npmjs.org/compute-baseline/-/compute-baseline-0.3.1.tgz",
      "integrity": "sha512-fehgbBh5UG4H5AemyVXWaviTwUbcPduhaD9iHWfkIy5fv2xFou/Zfs5z0VISXJyUEDzThe84MMofNOZ/qd0K6g==",
      "dev": true,
      "license": "Apache-2.0",
      "dependencies": {
        "@js-temporal/polyfill": "^0.4.4",
        "compare-versions": "^6.1.1"
      },
      "peerDependencies": {
        "@mdn/browser-compat-data": "^6.0.1"
      }
    },
    "node_modules/jsbi": {
      "version": "4.3.0",
      "resolved": "https://registry.npmjs.org/jsbi/-/jsbi-4.3.0.tgz",
      "integrity": "sha512-SnZNcinB4RIcnEyZqFPdGPVgrg2AcnykiBy0sHVJQKHYeaLUvi3Exj+iaPpLnFVkDPZIV4U0yvgC9/R4uEAZ9g==",
      "dev": true,
      "license": "Apache-2.0"
    },
    "node_modules/mdn-data": {
      "version": "2.21.0",
      "resolved": "https://registry.npmjs.org/mdn-data/-/mdn-data-2.21.0.tgz",
      "integrity": "sha512-+ZKPQezM5vYJIkCxaC+4DTnRrVZR1CgsKLu5zsQERQx6Tea8Y+wMx5A24rq8A8NepCeatIQufVAekKNgiBMsGQ==",
      "dev": true,
      "license": "CC0-1.0"
    },
    "node_modules/tslib": {
      "version": "2.8.1",
      "resolved": "https://registry.npmjs.org/tslib/-/tslib-2.8.1.tgz",
      "integrity": "sha512-oJFu94HQb+KVduSUQL7wnpmqnfmLsOA/nAh6b6EH0wCEoK0/mPeXU6c3wKDV83MkOuHPRHtSXKKU99IBazS/2w==",
      "dev": true,
      "license": "0BSD"
    }
  }
}
