{
  "name": "@vscode/web-custom-data",
  "version": "0.4.9",
  "lockfileVersion": 3,
  "requires": true,
  "packages": {
    "": {
      "name": "@vscode/web-custom-data",
      "version": "0.4.9",
      "license": "MIT",
      "devDependencies": {
        "@mdn/browser-compat-data": "^5.5.7",
        "mdn-data": "^2.3.5"
      }
    },
    "node_modules/@mdn/browser-compat-data": {
      "version": "5.5.7",
      "resolved": "https://registry.npmjs.org/@mdn/browser-compat-data/-/browser-compat-data-5.5.7.tgz",
      "integrity": "sha512-DoHTZ/TjtNfUu9eiqJd+x3IcCQrhS+yOYU436TKUnlE36jZwNbK535D1CmTsSYdi/UcdCWNm5KRQZ9g1tlZCPw==",
      "dev": true
    },
    "node_modules/mdn-data": {
      "version": "2.3.5",
      "resolved": "https://registry.npmjs.org/mdn-data/-/mdn-data-2.3.5.tgz",
      "integrity": "sha512-12iIqP19xIEVqy50kpenAaxJReFuLDmVWfOMaRxGr0cRrfcarrgw7FzSCvJpD+wnOlvmbFzHzTarghAau1ZUjg==",
      "dev": true
    }
  }
}
