# THIS IS AN AUTOGENERATED FILE. DO NOT EDIT THIS FILE DIRECTLY.
# yarn lockfile v1


"@mdn/browser-compat-data@^5.3.11":
  version "5.3.11"
  resolved "https://registry.yarnpkg.com/@mdn/browser-compat-data/-/browser-compat-data-5.3.11.tgz#ad3a4826d74eaa121a6aa6cd0e667175bde38831"
  integrity sha512-jczDSsCfDeAdGAaUPA/r7G2lFjVz/oE1qClHkM5zw8fw+Vod1RMlwlF//UMgbe/V8G57RYe7UXGpTmiWjFg3Cg==

mdn-data@^2.0.33:
  version "2.0.33"
  resolved "https://registry.yarnpkg.com/mdn-data/-/mdn-data-2.0.33.tgz#4aa2471da4abbb0bbb7436fcf3e4c134081fadef"
  integrity sha512-7n9sfbaiI7Eqow7h/ObqtPie0/8x0NR8Mm7wuy9UBGRnpUKaVUpJUgK826lBWWRAcVQ1vEjtP1bXDE+nCXbMzw==
