# THIS IS AN AUTOGENERATED FILE. DO NOT EDIT THIS FILE DIRECTLY.
# yarn lockfile v1


"@mdn/browser-compat-data@^4.0.1":
  version "4.0.1"
  resolved "https://registry.yarnpkg.com/@mdn/browser-compat-data/-/browser-compat-data-4.0.1.tgz#267a8d48cb0a3c5f7726111c8cf36a7120452268"
  integrity sha512-Q3w8hkRE/3ATasymBUACDphIDKFS3OxKSJsPlnVwKxbbxF94lXF771P7ltgOZ6HhaC5zBZomuIfjBIYrj3SFYg==

mdn-data@^2.0.21:
  version "2.0.21"
  resolved "https://registry.yarnpkg.com/mdn-data/-/mdn-data-2.0.21.tgz#47cf3863e068c7d205ec4ff7ff306c83a9feb07d"
  integrity sha512-kGkDjVRptGvjcZA2NTEHNu6szZ719ixyCbs4q2IFBhTBbfW+p89RV6SBnkGWBIdOXhF+B/Uv0bLFxjAg/EJRHw==

sax@>=0.6.0:
  version "1.2.4"
  resolved "https://registry.yarnpkg.com/sax/-/sax-1.2.4.tgz#2816234e2378bddc4e5354fab5caa895df7100d9"
  integrity sha512-NqVDv9TpANUjFm0N8uM5GxL36UgKi9/atZw+x7YFnQ8ckwFGKrl4xX4yWtrey3UJm5nP1kUbnYgLopqWNSRhWw==

xml2js@^0.4.23:
  version "0.4.23"
  resolved "https://registry.yarnpkg.com/xml2js/-/xml2js-0.4.23.tgz#a0c69516752421eb2ac758ee4d4ccf58843eac66"
  integrity sha512-ySPiMjM0+pLDftHgXY4By0uswI3SPKLDw/i3UXbnO8M/p28zqexCUoPmQFrYD+/1BzhGJSs2i1ERWKJAtiLrug==
  dependencies:
    sax ">=0.6.0"
    xmlbuilder "~11.0.0"

xmlbuilder@~11.0.0:
  version "11.0.1"
  resolved "https://registry.yarnpkg.com/xmlbuilder/-/xmlbuilder-11.0.1.tgz#be9bae1c8a046e76b31127726347d0ad7002beb3"
  integrity sha512-fDlsI/kFEx7gLvbecc0/ohLG50fugQp8ryHzMTuW9vSa1GJ0XYWKnhsUx7oie3G98+r56aTQIUB4kht42R3JvA==
